// !$*UTF8*$!
{
	archiveVersion = 1;
	classes = {
	};
	objectVersion = 46;
	objects = {

/* Begin PBXAggregateTarget section */
		9049FD1E1A1466D100EF018B /* Distribute */ = {
			isa = PBXAggregateTarget;
			buildConfigurationList = 9049FD1F1A1466D200EF018B /* Build configuration list for PBXAggregateTarget "Distribute" */;
			buildPhases = (
				9049FD281A14671500EF018B /* ShellScript */,
			);
			dependencies = (
				9049FD251A14670200EF018B /* PBXTargetDependency */,
				9049FD271A14670500EF018B /* PBXTargetDependency */,
			);
			name = Distribute;
			productName = Distribute;
		};
/* End PBXAggregateTarget section */

/* Begin PBXBuildFile section */
		902B062D1A1172E500DD4A4A /* ServiceManagement.framework in Frameworks */ = {isa = PBXBuildFile; fileRef = 902B062C1A1172E500DD4A4A /* ServiceManagement.framework */; };
		908651A51A1192AB004BA253 /* main.m in Sources */ = {isa = PBXBuildFile; fileRef = 908651A41A1192AB004BA253 /* main.m */; };
		908B59F21A128A9400151A4E /* PreferencesWindowController.m in Sources */ = {isa = PBXBuildFile; fileRef = 908B59F01A128A9400151A4E /* PreferencesWindowController.m */; };
		908B59F31A128A9400151A4E /* PreferencesWindow.xib in Resources */ = {isa = PBXBuildFile; fileRef = 908B59F11A128A9400151A4E /* PreferencesWindow.xib */; };
		908B59F51A12AC7A00151A4E /* updatekey.pem in Resources */ = {isa = PBXBuildFile; fileRef = 908B59F41A12AC7A00151A4E /* updatekey.pem */; };
		909FA09A1A0C5A46004A4B41 /* AppDelegate.m in Sources */ = {isa = PBXBuildFile; fileRef = 909FA0991A0C5A46004A4B41 /* AppDelegate.m */; };
		909FA09C1A0C5A46004A4B41 /* main.m in Sources */ = {isa = PBXBuildFile; fileRef = 909FA09B1A0C5A46004A4B41 /* main.m */; };
		909FA09E1A0C5A46004A4B41 /* Images.xcassets in Resources */ = {isa = PBXBuildFile; fileRef = 909FA09D1A0C5A46004A4B41 /* Images.xcassets */; };
		909FA0A11A0C5A46004A4B41 /* MainMenu.xib in Resources */ = {isa = PBXBuildFile; fileRef = 909FA09F1A0C5A46004A4B41 /* MainMenu.xib */; };
		90B69D471A15596C007A0854 /* Sparkle.framework in CopyFiles */ = {isa = PBXBuildFile; fileRef = 90B6FD5A1A13A8CA003F60D1 /* Sparkle.framework */; settings = {ATTRIBUTES = (CodeSignOnCopy, RemoveHeadersOnCopy, ); }; };
		90B6FD5B1A13A8CA003F60D1 /* Sparkle.framework in Frameworks */ = {isa = PBXBuildFile; fileRef = 90B6FD5A1A13A8CA003F60D1 /* Sparkle.framework */; };
		90DA08711A11DC180051C9B5 /* Credits.rtf in Resources */ = {isa = PBXBuildFile; fileRef = 90DA08731A11DC180051C9B5 /* Credits.rtf */; };
		90DA08781A1260A20051C9B5 /* UnixTimeHelper.app in CopyFiles */ = {isa = PBXBuildFile; fileRef = 9086519D1A1192AB004BA253 /* UnixTimeHelper.app */; settings = {ATTRIBUTES = (RemoveHeadersOnCopy, ); }; };
/* End PBXBuildFile section */

/* Begin PBXContainerItemProxy section */
		9049FD221A1466FA00EF018B /* PBXContainerItemProxy */ = {
			isa = PBXContainerItemProxy;
			containerPortal = 909FA08B1A0C5A46004A4B41 /* Project object */;
			proxyType = 1;
			remoteGlobalIDString = 9086519C1A1192AB004BA253;
			remoteInfo = UnixTimeHelper;
		};
		9049FD241A14670200EF018B /* PBXContainerItemProxy */ = {
			isa = PBXContainerItemProxy;
			containerPortal = 909FA08B1A0C5A46004A4B41 /* Project object */;
			proxyType = 1;
			remoteGlobalIDString = 909FA0921A0C5A46004A4B41;
			remoteInfo = UnixTime;
		};
		9049FD261A14670500EF018B /* PBXContainerItemProxy */ = {
			isa = PBXContainerItemProxy;
			containerPortal = 909FA08B1A0C5A46004A4B41 /* Project object */;
			proxyType = 1;
			remoteGlobalIDString = 9086519C1A1192AB004BA253;
			remoteInfo = UnixTimeHelper;
		};
/* End PBXContainerItemProxy section */

/* Begin PBXCopyFilesBuildPhase section */
		909FA0DA1A0C5B16004A4B41 /* CopyFiles */ = {
			isa = PBXCopyFilesBuildPhase;
			buildActionMask = 2147483647;
			dstPath = Contents/Library/LoginItems;
			dstSubfolderSpec = 1;
			files = (
				90DA08781A1260A20051C9B5 /* UnixTimeHelper.app in CopyFiles */,
			);
			runOnlyForDeploymentPostprocessing = 0;
		};
		90DA08761A125BA00051C9B5 /* CopyFiles */ = {
			isa = PBXCopyFilesBuildPhase;
			buildActionMask = 2147483647;
			dstPath = "";
			dstSubfolderSpec = 10;
			files = (
				90B69D471A15596C007A0854 /* Sparkle.framework in CopyFiles */,
			);
			runOnlyForDeploymentPostprocessing = 0;
		};
/* End PBXCopyFilesBuildPhase section */

/* Begin PBXFileReference section */
		902B062C1A1172E500DD4A4A /* ServiceManagement.framework */ = {isa = PBXFileReference; lastKnownFileType = wrapper.framework; name = ServiceManagement.framework; path = System/Library/Frameworks/ServiceManagement.framework; sourceTree = SDKROOT; };
		9086519D1A1192AB004BA253 /* UnixTimeHelper.app */ = {isa = PBXFileReference; explicitFileType = wrapper.application; includeInIndex = 0; path = UnixTimeHelper.app; sourceTree = BUILT_PRODUCTS_DIR; };
		908651A01A1192AB004BA253 /* Info.plist */ = {isa = PBXFileReference; lastKnownFileType = text.plist.xml; path = Info.plist; sourceTree = "<group>"; };
		908651A41A1192AB004BA253 /* main.m */ = {isa = PBXFileReference; lastKnownFileType = sourcecode.c.objc; path = main.m; sourceTree = "<group>"; };
		908B59EF1A128A9400151A4E /* PreferencesWindowController.h */ = {isa = PBXFileReference; fileEncoding = 4; lastKnownFileType = sourcecode.c.h; path = PreferencesWindowController.h; sourceTree = "<group>"; };
		908B59F01A128A9400151A4E /* PreferencesWindowController.m */ = {isa = PBXFileReference; fileEncoding = 4; lastKnownFileType = sourcecode.c.objc; path = PreferencesWindowController.m; sourceTree = "<group>"; };
		908B59F11A128A9400151A4E /* PreferencesWindow.xib */ = {isa = PBXFileReference; fileEncoding = 4; lastKnownFileType = file.xib; path = PreferencesWindow.xib; sourceTree = "<group>"; };
		908B59F41A12AC7A00151A4E /* updatekey.pem */ = {isa = PBXFileReference; fileEncoding = 4; lastKnownFileType = text; path = updatekey.pem; sourceTree = "<group>"; };
		909FA0931A0C5A46004A4B41 /* UnixTime.app */ = {isa = PBXFileReference; explicitFileType = wrapper.application; includeInIndex = 0; path = UnixTime.app; sourceTree = BUILT_PRODUCTS_DIR; };
		909FA0971A0C5A46004A4B41 /* Info.plist */ = {isa = PBXFileReference; lastKnownFileType = text.plist.xml; path = Info.plist; sourceTree = "<group>"; };
		909FA0981A0C5A46004A4B41 /* AppDelegate.h */ = {isa = PBXFileReference; lastKnownFileType = sourcecode.c.h; path = AppDelegate.h; sourceTree = "<group>"; };
		909FA0991A0C5A46004A4B41 /* AppDelegate.m */ = {isa = PBXFileReference; lastKnownFileType = sourcecode.c.objc; path = AppDelegate.m; sourceTree = "<group>"; };
		909FA09B1A0C5A46004A4B41 /* main.m */ = {isa = PBXFileReference; lastKnownFileType = sourcecode.c.objc; path = main.m; sourceTree = "<group>"; };
		909FA09D1A0C5A46004A4B41 /* Images.xcassets */ = {isa = PBXFileReference; lastKnownFileType = folder.assetcatalog; path = Images.xcassets; sourceTree = "<group>"; };
		909FA0A01A0C5A46004A4B41 /* Base */ = {isa = PBXFileReference; lastKnownFileType = file.xib; name = Base; path = Base.lproj/MainMenu.xib; sourceTree = "<group>"; };
		90B6FD5A1A13A8CA003F60D1 /* Sparkle.framework */ = {isa = PBXFileReference; lastKnownFileType = wrapper.framework; path = Sparkle.framework; sourceTree = "<group>"; };
		90DA08721A11DC180051C9B5 /* Base */ = {isa = PBXFileReference; lastKnownFileType = text.rtf; name = Base; path = Base.lproj/Credits.rtf; sourceTree = "<group>"; };
/* End PBXFileReference section */

/* Begin PBXFrameworksBuildPhase section */
		9086519A1A1192AB004BA253 /* Frameworks */ = {
			isa = PBXFrameworksBuildPhase;
			buildActionMask = 2147483647;
			files = (
			);
			runOnlyForDeploymentPostprocessing = 0;
		};
		909FA0901A0C5A46004A4B41 /* Frameworks */ = {
			isa = PBXFrameworksBuildPhase;
			buildActionMask = 2147483647;
			files = (
				902B062D1A1172E500DD4A4A /* ServiceManagement.framework in Frameworks */,
				90B6FD5B1A13A8CA003F60D1 /* Sparkle.framework in Frameworks */,
			);
			runOnlyForDeploymentPostprocessing = 0;
		};
/* End PBXFrameworksBuildPhase section */

/* Begin PBXGroup section */
		902B062E1A1172FD00DD4A4A /* Frameworks */ = {
			isa = PBXGroup;
			children = (
				90B6FD5A1A13A8CA003F60D1 /* Sparkle.framework */,
				902B062C1A1172E500DD4A4A /* ServiceManagement.framework */,
			);
			name = Frameworks;
			sourceTree = "<group>";
		};
		9086519E1A1192AB004BA253 /* UnixTimeHelper */ = {
			isa = PBXGroup;
			children = (
				908651A01A1192AB004BA253 /* Info.plist */,
				908651A41A1192AB004BA253 /* main.m */,
			);
			path = UnixTimeHelper;
			sourceTree = "<group>";
		};
		909FA08A1A0C5A46004A4B41 = {
			isa = PBXGroup;
			children = (
				909FA0951A0C5A46004A4B41 /* UnixTime */,
				9086519E1A1192AB004BA253 /* UnixTimeHelper */,
				909FA0941A0C5A46004A4B41 /* Products */,
			);
			sourceTree = "<group>";
		};
		909FA0941A0C5A46004A4B41 /* Products */ = {
			isa = PBXGroup;
			children = (
				909FA0931A0C5A46004A4B41 /* UnixTime.app */,
				9086519D1A1192AB004BA253 /* UnixTimeHelper.app */,
			);
			name = Products;
			sourceTree = "<group>";
		};
		909FA0951A0C5A46004A4B41 /* UnixTime */ = {
			isa = PBXGroup;
			children = (
				908B59EF1A128A9400151A4E /* PreferencesWindowController.h */,
				908B59F01A128A9400151A4E /* PreferencesWindowController.m */,
				909FA0981A0C5A46004A4B41 /* AppDelegate.h */,
				909FA0991A0C5A46004A4B41 /* AppDelegate.m */,
				909FA0961A0C5A46004A4B41 /* Supporting Files */,
				902B062E1A1172FD00DD4A4A /* Frameworks */,
			);
			path = UnixTime;
			sourceTree = "<group>";
		};
		909FA0961A0C5A46004A4B41 /* Supporting Files */ = {
			isa = PBXGroup;
			children = (
				908B59F41A12AC7A00151A4E /* updatekey.pem */,
				909FA09D1A0C5A46004A4B41 /* Images.xcassets */,
				908B59F11A128A9400151A4E /* PreferencesWindow.xib */,
				909FA09F1A0C5A46004A4B41 /* MainMenu.xib */,
				909FA0971A0C5A46004A4B41 /* Info.plist */,
				909FA09B1A0C5A46004A4B41 /* main.m */,
				90DA08731A11DC180051C9B5 /* Credits.rtf */,
			);
			name = "Supporting Files";
			sourceTree = "<group>";
		};
/* End PBXGroup section */

/* Begin PBXNativeTarget section */
		9086519C1A1192AB004BA253 /* UnixTimeHelper */ = {
			isa = PBXNativeTarget;
			buildConfigurationList = 908651B71A1192AB004BA253 /* Build configuration list for PBXNativeTarget "UnixTimeHelper" */;
			buildPhases = (
				908651991A1192AB004BA253 /* Sources */,
				9086519A1A1192AB004BA253 /* Frameworks */,
				9086519B1A1192AB004BA253 /* Resources */,
			);
			buildRules = (
			);
			dependencies = (
			);
			name = UnixTimeHelper;
			productName = UnixTimeHelper;
			productReference = 9086519D1A1192AB004BA253 /* UnixTimeHelper.app */;
			productType = "com.apple.product-type.application";
		};
		909FA0921A0C5A46004A4B41 /* UnixTime */ = {
			isa = PBXNativeTarget;
			buildConfigurationList = 909FA0B01A0C5A46004A4B41 /* Build configuration list for PBXNativeTarget "UnixTime" */;
			buildPhases = (
				909FA08F1A0C5A46004A4B41 /* Sources */,
				909FA0901A0C5A46004A4B41 /* Frameworks */,
				909FA0911A0C5A46004A4B41 /* Resources */,
				909FA0DA1A0C5B16004A4B41 /* CopyFiles */,
				90DA08761A125BA00051C9B5 /* CopyFiles */,
			);
			buildRules = (
			);
			dependencies = (
				9049FD231A1466FA00EF018B /* PBXTargetDependency */,
			);
			name = UnixTime;
			productName = UnixTime;
			productReference = 909FA0931A0C5A46004A4B41 /* UnixTime.app */;
			productType = "com.apple.product-type.application";
		};
/* End PBXNativeTarget section */

/* Begin PBXProject section */
		909FA08B1A0C5A46004A4B41 /* Project object */ = {
			isa = PBXProject;
			attributes = {
				LastUpgradeCheck = 0610;
				ORGANIZATIONNAME = "Michael Grubb";
				TargetAttributes = {
					9049FD1E1A1466D100EF018B = {
						CreatedOnToolsVersion = 6.1;
					};
					9086519C1A1192AB004BA253 = {
						CreatedOnToolsVersion = 6.1;
					};
					909FA0921A0C5A46004A4B41 = {
						CreatedOnToolsVersion = 6.1;
					};
				};
			};
			buildConfigurationList = 909FA08E1A0C5A46004A4B41 /* Build configuration list for PBXProject "UnixTime" */;
			compatibilityVersion = "Xcode 3.2";
			developmentRegion = English;
			hasScannedForEncodings = 0;
			knownRegions = (
				en,
				Base,
			);
			mainGroup = 909FA08A1A0C5A46004A4B41;
			productRefGroup = 909FA0941A0C5A46004A4B41 /* Products */;
			projectDirPath = "";
			projectRoot = "";
			targets = (
				909FA0921A0C5A46004A4B41 /* UnixTime */,
				9086519C1A1192AB004BA253 /* UnixTimeHelper */,
				9049FD1E1A1466D100EF018B /* Distribute */,
			);
		};
/* End PBXProject section */

/* Begin PBXResourcesBuildPhase section */
		9086519B1A1192AB004BA253 /* Resources */ = {
			isa = PBXResourcesBuildPhase;
			buildActionMask = 2147483647;
			files = (
			);
			runOnlyForDeploymentPostprocessing = 0;
		};
		909FA0911A0C5A46004A4B41 /* Resources */ = {
			isa = PBXResourcesBuildPhase;
			buildActionMask = 2147483647;
			files = (
				908B59F51A12AC7A00151A4E /* updatekey.pem in Resources */,
				909FA09E1A0C5A46004A4B41 /* Images.xcassets in Resources */,
				90DA08711A11DC180051C9B5 /* Credits.rtf in Resources */,
				908B59F31A128A9400151A4E /* PreferencesWindow.xib in Resources */,
				909FA0A11A0C5A46004A4B41 /* MainMenu.xib in Resources */,
			);
			runOnlyForDeploymentPostprocessing = 0;
		};
/* End PBXResourcesBuildPhase section */

/* Begin PBXShellScriptBuildPhase section */
		9049FD281A14671500EF018B /* ShellScript */ = {
			isa = PBXShellScriptBuildPhase;
			buildActionMask = 2147483647;
			files = (
			);
			inputPaths = (
			);
			outputPaths = (
			);
			runOnlyForDeploymentPostprocessing = 0;
			shellPath = /bin/bash;
			shellScript = "set -o errexit\n\n[ \"$CONFIGURATION\" = Release ] || { echo Distribution target requires \"'Release'\" build style; false; }\n\nSVERSION=$(defaults read \"$BUILT_PRODUCTS_DIR/$PROJECT_NAME.app/Contents/Info\" CFBundleVersion)\nHVERSION=$(defaults read \"$BUILT_PRODUCTS_DIR/$PROJECT_NAME.app/Contents/Info\" CFBundleShortVersionString)\nDOWNLOAD_BASE_URL=\"http://www.example.com/download/\"\nRELEASENOTES_URL=\"http://www.example.com/software/my-cool-app/release-notes.html#version-$VERSION\"\n\nARCHIVE_FILENAME=\"$PROJECT_NAME-$HVERSION.zip\"\nDOWNLOAD_URL=\"$DOWNLOAD_BASE_URL/$ARCHIVE_FILENAME\"\nKEYCHAIN_PRIVKEY_NAME=\"Sparkle Private Key 1\"\n\nWD=$PWD\ncd \"$BUILT_PRODUCTS_DIR\"\nrm -f \"$PROJECT_NAME\"*.zip\nditto -ck --keepParent \"$PROJECT_NAME.app\" \"$ARCHIVE_FILENAME\"\n\nSIZE=$(stat -f %z \"$ARCHIVE_FILENAME\")\nPUBDATE=$(LC_TIME=en_US date +\"%a, %d %b %G %T %z\")\nSIGNATURE=$(\nopenssl dgst -sha1 -binary < \"$ARCHIVE_FILENAME\" \\\n| openssl dgst -dss1 -sign <(security find-generic-password -s \"$KEYCHAIN_PRIVKEY_NAME\" -g -w \\\n| python -c 'import binascii,sys; print binascii.unhexlify(sys.stdin.read().strip())') \\\n| openssl enc -base64\n)\n\n[ $SIGNATURE ] || { echo Unable to load signing private key with name \"'$KEYCHAIN_PRIVKEY_NAME'\" from keychain; false; }\n\ncat <<EOF\n<item>\n<title>Version $HVERSION</title>\n<sparkle:releaseNotesLink>$RELEASENOTES_URL</sparkle:releaseNotesLink>\n<pubDate>$PUBDATE</pubDate>\n<enclosure\nurl=\"$DOWNLOAD_URL\"\nsparkle:version=\"$SVERSION\"\ntype=\"application/octet-stream\"\nlength=\"$SIZE\"\nsparkle:dsaSignature=\"$SIGNATURE\"\n/>\n</item>\nEOF";
		};
/* End PBXShellScriptBuildPhase section */

/* Begin PBXSourcesBuildPhase section */
		908651991A1192AB004BA253 /* Sources */ = {
			isa = PBXSourcesBuildPhase;
			buildActionMask = 2147483647;
			files = (
				908651A51A1192AB004BA253 /* main.m in Sources */,
			);
			runOnlyForDeploymentPostprocessing = 0;
		};
		909FA08F1A0C5A46004A4B41 /* Sources */ = {
			isa = PBXSourcesBuildPhase;
			buildActionMask = 2147483647;
			files = (
				909FA09C1A0C5A46004A4B41 /* main.m in Sources */,
				908B59F21A128A9400151A4E /* PreferencesWindowController.m in Sources */,
				909FA09A1A0C5A46004A4B41 /* AppDelegate.m in Sources */,
			);
			runOnlyForDeploymentPostprocessing = 0;
		};
/* End PBXSourcesBuildPhase section */

/* Begin PBXTargetDependency section */
		9049FD231A1466FA00EF018B /* PBXTargetDependency */ = {
			isa = PBXTargetDependency;
			target = 9086519C1A1192AB004BA253 /* UnixTimeHelper */;
			targetProxy = 9049FD221A1466FA00EF018B /* PBXContainerItemProxy */;
		};
		9049FD251A14670200EF018B /* PBXTargetDependency */ = {
			isa = PBXTargetDependency;
			target = 909FA0921A0C5A46004A4B41 /* UnixTime */;
			targetProxy = 9049FD241A14670200EF018B /* PBXContainerItemProxy */;
		};
		9049FD271A14670500EF018B /* PBXTargetDependency */ = {
			isa = PBXTargetDependency;
			target = 9086519C1A1192AB004BA253 /* UnixTimeHelper */;
			targetProxy = 9049FD261A14670500EF018B /* PBXContainerItemProxy */;
		};
/* End PBXTargetDependency section */

/* Begin PBXVariantGroup section */
		909FA09F1A0C5A46004A4B41 /* MainMenu.xib */ = {
			isa = PBXVariantGroup;
			children = (
				909FA0A01A0C5A46004A4B41 /* Base */,
			);
			name = MainMenu.xib;
			sourceTree = "<group>";
		};
		90DA08731A11DC180051C9B5 /* Credits.rtf */ = {
			isa = PBXVariantGroup;
			children = (
				90DA08721A11DC180051C9B5 /* Base */,
			);
			name = Credits.rtf;
			sourceTree = "<group>";
		};
/* End PBXVariantGroup section */

/* Begin XCBuildConfiguration section */
		9049FD201A1466D200EF018B /* Debug */ = {
			isa = XCBuildConfiguration;
			buildSettings = {
				PRODUCT_NAME = "$(TARGET_NAME)";
			};
			name = Debug;
		};
		9049FD211A1466D200EF018B /* Release */ = {
			isa = XCBuildConfiguration;
			buildSettings = {
				PRODUCT_NAME = "$(TARGET_NAME)";
			};
			name = Release;
		};
		908651B81A1192AB004BA253 /* Debug */ = {
			isa = XCBuildConfiguration;
			buildSettings = {
				ASSETCATALOG_COMPILER_APPICON_NAME = AppIcon;
				CODE_SIGN_IDENTITY = "";
				COMBINE_HIDPI_IMAGES = YES;
				GCC_PREPROCESSOR_DEFINITIONS = (
					"DEBUG=1",
					"$(inherited)",
				);
				INFOPLIST_FILE = UnixTimeHelper/Info.plist;
				LD_RUNPATH_SEARCH_PATHS = "$(inherited) @executable_path/../Frameworks";
				MACOSX_DEPLOYMENT_TARGET = 10.8;
				PRODUCT_NAME = "$(TARGET_NAME)";
			};
			name = Debug;
		};
		908651B91A1192AB004BA253 /* Release */ = {
			isa = XCBuildConfiguration;
			buildSettings = {
				ASSETCATALOG_COMPILER_APPICON_NAME = AppIcon;
				CODE_SIGN_IDENTITY = "";
				COMBINE_HIDPI_IMAGES = YES;
				GCC_OPTIMIZATION_LEVEL = fast;
				INFOPLIST_FILE = UnixTimeHelper/Info.plist;
				LD_RUNPATH_SEARCH_PATHS = "$(inherited) @executable_path/../Frameworks";
				MACOSX_DEPLOYMENT_TARGET = 10.8;
				PRODUCT_NAME = "$(TARGET_NAME)";
			};
			name = Release;
		};
		909FA0AE1A0C5A46004A4B41 /* Debug */ = {
			isa = XCBuildConfiguration;
			buildSettings = {
				ALWAYS_SEARCH_USER_PATHS = NO;
				CLANG_CXX_LANGUAGE_STANDARD = "gnu++0x";
				CLANG_CXX_LIBRARY = "libc++";
				CLANG_ENABLE_MODULES = YES;
				CLANG_ENABLE_OBJC_ARC = YES;
				CLANG_WARN_BOOL_CONVERSION = YES;
				CLANG_WARN_CONSTANT_CONVERSION = YES;
				CLANG_WARN_DIRECT_OBJC_ISA_USAGE = YES_ERROR;
				CLANG_WARN_EMPTY_BODY = YES;
				CLANG_WARN_ENUM_CONVERSION = YES;
				CLANG_WARN_INT_CONVERSION = YES;
				CLANG_WARN_OBJC_ROOT_CLASS = YES_ERROR;
				CLANG_WARN_UNREACHABLE_CODE = YES;
				CLANG_WARN__DUPLICATE_METHOD_MATCH = YES;
				CODE_SIGN_IDENTITY = "-";
				COPY_PHASE_STRIP = NO;
				ENABLE_STRICT_OBJC_MSGSEND = YES;
				GCC_C_LANGUAGE_STANDARD = gnu99;
				GCC_DYNAMIC_NO_PIC = NO;
				GCC_OPTIMIZATION_LEVEL = 0;
				GCC_PREPROCESSOR_DEFINITIONS = (
					"DEBUG=1",
					"$(inherited)",
				);
				GCC_SYMBOLS_PRIVATE_EXTERN = NO;
				GCC_WARN_64_TO_32_BIT_CONVERSION = YES;
				GCC_WARN_ABOUT_RETURN_TYPE = YES_ERROR;
				GCC_WARN_UNDECLARED_SELECTOR = YES;
				GCC_WARN_UNINITIALIZED_AUTOS = YES_AGGRESSIVE;
				GCC_WARN_UNUSED_FUNCTION = YES;
				GCC_WARN_UNUSED_VARIABLE = YES;
				MACOSX_DEPLOYMENT_TARGET = 10.8;
				MTL_ENABLE_DEBUG_INFO = YES;
				ONLY_ACTIVE_ARCH = YES;
				SDKROOT = macosx;
			};
			name = Debug;
		};
		909FA0AF1A0C5A46004A4B41 /* Release */ = {
			isa = XCBuildConfiguration;
			buildSettings = {
				ALWAYS_SEARCH_USER_PATHS = NO;
				CLANG_CXX_LANGUAGE_STANDARD = "gnu++0x";
				CLANG_CXX_LIBRARY = "libc++";
				CLANG_ENABLE_MODULES = YES;
				CLANG_ENABLE_OBJC_ARC = YES;
				CLANG_WARN_BOOL_CONVERSION = YES;
				CLANG_WARN_CONSTANT_CONVERSION = YES;
				CLANG_WARN_DIRECT_OBJC_ISA_USAGE = YES_ERROR;
				CLANG_WARN_EMPTY_BODY = YES;
				CLANG_WARN_ENUM_CONVERSION = YES;
				CLANG_WARN_INT_CONVERSION = YES;
				CLANG_WARN_OBJC_ROOT_CLASS = YES_ERROR;
				CLANG_WARN_UNREACHABLE_CODE = YES;
				CLANG_WARN__DUPLICATE_METHOD_MATCH = YES;
				CODE_SIGN_IDENTITY = "-";
				COPY_PHASE_STRIP = YES;
				DEBUG_INFORMATION_FORMAT = "dwarf-with-dsym";
				ENABLE_NS_ASSERTIONS = NO;
				ENABLE_STRICT_OBJC_MSGSEND = YES;
				GCC_C_LANGUAGE_STANDARD = gnu99;
				GCC_WARN_64_TO_32_BIT_CONVERSION = YES;
				GCC_WARN_ABOUT_RETURN_TYPE = YES_ERROR;
				GCC_WARN_UNDECLARED_SELECTOR = YES;
				GCC_WARN_UNINITIALIZED_AUTOS = YES_AGGRESSIVE;
				GCC_WARN_UNUSED_FUNCTION = YES;
				GCC_WARN_UNUSED_VARIABLE = YES;
				MACOSX_DEPLOYMENT_TARGET = 10.8;
				MTL_ENABLE_DEBUG_INFO = NO;
				SDKROOT = macosx;
			};
			name = Release;
		};
		909FA0B11A0C5A46004A4B41 /* Debug */ = {
			isa = XCBuildConfiguration;
			buildSettings = {
				ASSETCATALOG_COMPILER_APPICON_NAME = AppIcon;
				CODE_SIGN_IDENTITY = "";
				COMBINE_HIDPI_IMAGES = YES;
				FRAMEWORK_SEARCH_PATHS = (
					"$(inherited)",
					"$(PROJECT_DIR)/UnixTime",
				);
				INFOPLIST_FILE = UnixTime/Info.plist;
				LD_RUNPATH_SEARCH_PATHS = "$(inherited) @executable_path/../Frameworks";
				MACOSX_DEPLOYMENT_TARGET = 10.8;
				OTHER_LDFLAGS = "-Wl,-rpath,@loader_path/../Frameworks";
				PRODUCT_NAME = "$(TARGET_NAME)";
			};
			name = Debug;
		};
		909FA0B21A0C5A46004A4B41 /* Release */ = {
			isa = XCBuildConfiguration;
			buildSettings = {
				ASSETCATALOG_COMPILER_APPICON_NAME = AppIcon;
				CODE_SIGN_IDENTITY = "";
				COMBINE_HIDPI_IMAGES = YES;
				FRAMEWORK_SEARCH_PATHS = (
					"$(inherited)",
					"$(PROJECT_DIR)/UnixTime",
				);
				GCC_OPTIMIZATION_LEVEL = fast;
				INFOPLIST_FILE = UnixTime/Info.plist;
				LD_RUNPATH_SEARCH_PATHS = "$(inherited) @executable_path/../Frameworks";
				MACOSX_DEPLOYMENT_TARGET = 10.8;
				OTHER_LDFLAGS = "-Wl,-rpath,@loader_path/../Frameworks";
				PRODUCT_NAME = "$(TARGET_NAME)";
			};
			name = Release;
		};
/* End XCBuildConfiguration section */

/* Begin XCConfigurationList section */
		9049FD1F1A1466D200EF018B /* Build configuration list for PBXAggregateTarget "Distribute" */ = {
			isa = XCConfigurationList;
			buildConfigurations = (
				9049FD201A1466D200EF018B /* Debug */,
				9049FD211A1466D200EF018B /* Release */,
			);
			defaultConfigurationIsVisible = 0;
			defaultConfigurationName = Release;
		};
		908651B71A1192AB004BA253 /* Build configuration list for PBXNativeTarget "UnixTimeHelper" */ = {
			isa = XCConfigurationList;
			buildConfigurations = (
				908651B81A1192AB004BA253 /* Debug */,
				908651B91A1192AB004BA253 /* Release */,
			);
			defaultConfigurationIsVisible = 0;
			defaultConfigurationName = Release;
		};
		909FA08E1A0C5A46004A4B41 /* Build configuration list for PBXProject "UnixTime" */ = {
			isa = XCConfigurationList;
			buildConfigurations = (
				909FA0AE1A0C5A46004A4B41 /* Debug */,
				909FA0AF1A0C5A46004A4B41 /* Release */,
			);
			defaultConfigurationIsVisible = 0;
			defaultConfigurationName = Release;
		};
		909FA0B01A0C5A46004A4B41 /* Build configuration list for PBXNativeTarget "UnixTime" */ = {
			isa = XCConfigurationList;
			buildConfigurations = (
				909FA0B11A0C5A46004A4B41 /* Debug */,
				909FA0B21A0C5A46004A4B41 /* Release */,
			);
			defaultConfigurationIsVisible = 0;
			defaultConfigurationName = Release;
		};
/* End XCConfigurationList section */
	};
	rootObject = 909FA08B1A0C5A46004A4B41 /* Project object */;
}
