// !$*UTF8*$!
{
	archiveVersion = 1;
	classes = {
	};
	objectVersion = 46;
	objects = {

/* Begin PBXBuildFile section */
		909FA09A1A0C5A46004A4B41 /* AppDelegate.m in Sources */ = {isa = PBXBuildFile; fileRef = 909FA0991A0C5A46004A4B41 /* AppDelegate.m */; };
		909FA09C1A0C5A46004A4B41 /* main.m in Sources */ = {isa = PBXBuildFile; fileRef = 909FA09B1A0C5A46004A4B41 /* main.m */; };
		909FA09E1A0C5A46004A4B41 /* Images.xcassets in Resources */ = {isa = PBXBuildFile; fileRef = 909FA09D1A0C5A46004A4B41 /* Images.xcassets */; };
		909FA0A11A0C5A46004A4B41 /* MainMenu.xib in Resources */ = {isa = PBXBuildFile; fileRef = 909FA09F1A0C5A46004A4B41 /* MainMenu.xib */; };
		909FA0AD1A0C5A46004A4B41 /* UnixTimeTests.m in Sources */ = {isa = PBXBuildFile; fileRef = 909FA0AC1A0C5A46004A4B41 /* UnixTimeTests.m */; };
/* End PBXBuildFile section */

/* Begin PBXContainerItemProxy section */
		909FA0A71A0C5A46004A4B41 /* PBXContainerItemProxy */ = {
			isa = PBXContainerItemProxy;
			containerPortal = 909FA08B1A0C5A46004A4B41 /* Project object */;
			proxyType = 1;
			remoteGlobalIDString = 909FA0921A0C5A46004A4B41;
			remoteInfo = UnixTime;
		};
/* End PBXContainerItemProxy section */

/* Begin PBXFileReference section */
		909FA0931A0C5A46004A4B41 /* UnixTime.app */ = {isa = PBXFileReference; explicitFileType = wrapper.application; includeInIndex = 0; path = UnixTime.app; sourceTree = BUILT_PRODUCTS_DIR; };
		909FA0971A0C5A46004A4B41 /* Info.plist */ = {isa = PBXFileReference; lastKnownFileType = text.plist.xml; path = Info.plist; sourceTree = "<group>"; };
		909FA0981A0C5A46004A4B41 /* AppDelegate.h */ = {isa = PBXFileReference; lastKnownFileType = sourcecode.c.h; path = AppDelegate.h; sourceTree = "<group>"; };
		909FA0991A0C5A46004A4B41 /* AppDelegate.m */ = {isa = PBXFileReference; lastKnownFileType = sourcecode.c.objc; path = AppDelegate.m; sourceTree = "<group>"; };
		909FA09B1A0C5A46004A4B41 /* main.m */ = {isa = PBXFileReference; lastKnownFileType = sourcecode.c.objc; path = main.m; sourceTree = "<group>"; };
		909FA09D1A0C5A46004A4B41 /* Images.xcassets */ = {isa = PBXFileReference; lastKnownFileType = folder.assetcatalog; path = Images.xcassets; sourceTree = "<group>"; };
		909FA0A01A0C5A46004A4B41 /* Base */ = {isa = PBXFileReference; lastKnownFileType = file.xib; name = Base; path = Base.lproj/MainMenu.xib; sourceTree = "<group>"; };
		909FA0A61A0C5A46004A4B41 /* UnixTimeTests.xctest */ = {isa = PBXFileReference; explicitFileType = wrapper.cfbundle; includeInIndex = 0; path = UnixTimeTests.xctest; sourceTree = BUILT_PRODUCTS_DIR; };
		909FA0AB1A0C5A46004A4B41 /* Info.plist */ = {isa = PBXFileReference; lastKnownFileType = text.plist.xml; path = Info.plist; sourceTree = "<group>"; };
		909FA0AC1A0C5A46004A4B41 /* UnixTimeTests.m */ = {isa = PBXFileReference; lastKnownFileType = sourcecode.c.objc; path = UnixTimeTests.m; sourceTree = "<group>"; };
/* End PBXFileReference section */

/* Begin PBXFrameworksBuildPhase section */
		909FA0901A0C5A46004A4B41 /* Frameworks */ = {
			isa = PBXFrameworksBuildPhase;
			buildActionMask = 2147483647;
			files = (
			);
			runOnlyForDeploymentPostprocessing = 0;
		};
		909FA0A31A0C5A46004A4B41 /* Frameworks */ = {
			isa = PBXFrameworksBuildPhase;
			buildActionMask = 2147483647;
			files = (
			);
			runOnlyForDeploymentPostprocessing = 0;
		};
/* End PBXFrameworksBuildPhase section */

/* Begin PBXGroup section */
		909FA08A1A0C5A46004A4B41 = {
			isa = PBXGroup;
			children = (
				909FA0951A0C5A46004A4B41 /* UnixTime */,
				909FA0A91A0C5A46004A4B41 /* UnixTimeTests */,
				909FA0941A0C5A46004A4B41 /* Products */,
			);
			sourceTree = "<group>";
		};
		909FA0941A0C5A46004A4B41 /* Products */ = {
			isa = PBXGroup;
			children = (
				909FA0931A0C5A46004A4B41 /* UnixTime.app */,
				909FA0A61A0C5A46004A4B41 /* UnixTimeTests.xctest */,
			);
			name = Products;
			sourceTree = "<group>";
		};
		909FA0951A0C5A46004A4B41 /* UnixTime */ = {
			isa = PBXGroup;
			children = (
				909FA0981A0C5A46004A4B41 /* AppDelegate.h */,
				909FA0991A0C5A46004A4B41 /* AppDelegate.m */,
				909FA09D1A0C5A46004A4B41 /* Images.xcassets */,
				909FA09F1A0C5A46004A4B41 /* MainMenu.xib */,
				909FA0961A0C5A46004A4B41 /* Supporting Files */,
			);
			path = UnixTime;
			sourceTree = "<group>";
		};
		909FA0961A0C5A46004A4B41 /* Supporting Files */ = {
			isa = PBXGroup;
			children = (
				909FA0971A0C5A46004A4B41 /* Info.plist */,
				909FA09B1A0C5A46004A4B41 /* main.m */,
			);
			name = "Supporting Files";
			sourceTree = "<group>";
		};
		909FA0A91A0C5A46004A4B41 /* UnixTimeTests */ = {
			isa = PBXGroup;
			children = (
				909FA0AC1A0C5A46004A4B41 /* UnixTimeTests.m */,
				909FA0AA1A0C5A46004A4B41 /* Supporting Files */,
			);
			path = UnixTimeTests;
			sourceTree = "<group>";
		};
		909FA0AA1A0C5A46004A4B41 /* Supporting Files */ = {
			isa = PBXGroup;
			children = (
				909FA0AB1A0C5A46004A4B41 /* Info.plist */,
			);
			name = "Supporting Files";
			sourceTree = "<group>";
		};
/* End PBXGroup section */

/* Begin PBXNativeTarget section */
		909FA0921A0C5A46004A4B41 /* UnixTime */ = {
			isa = PBXNativeTarget;
			buildConfigurationList = 909FA0B01A0C5A46004A4B41 /* Build configuration list for PBXNativeTarget "UnixTime" */;
			buildPhases = (
				909FA08F1A0C5A46004A4B41 /* Sources */,
				909FA0901A0C5A46004A4B41 /* Frameworks */,
				909FA0911A0C5A46004A4B41 /* Resources */,
			);
			buildRules = (
			);
			dependencies = (
			);
			name = UnixTime;
			productName = UnixTime;
			productReference = 909FA0931A0C5A46004A4B41 /* UnixTime.app */;
			productType = "com.apple.product-type.application";
		};
		909FA0A51A0C5A46004A4B41 /* UnixTimeTests */ = {
			isa = PBXNativeTarget;
			buildConfigurationList = 909FA0B31A0C5A46004A4B41 /* Build configuration list for PBXNativeTarget "UnixTimeTests" */;
			buildPhases = (
				909FA0A21A0C5A46004A4B41 /* Sources */,
				909FA0A31A0C5A46004A4B41 /* Frameworks */,
				909FA0A41A0C5A46004A4B41 /* Resources */,
			);
			buildRules = (
			);
			dependencies = (
				909FA0A81A0C5A46004A4B41 /* PBXTargetDependency */,
			);
			name = UnixTimeTests;
			productName = UnixTimeTests;
			productReference = 909FA0A61A0C5A46004A4B41 /* UnixTimeTests.xctest */;
			productType = "com.apple.product-type.bundle.unit-test";
		};
/* End PBXNativeTarget section */

/* Begin PBXProject section */
		909FA08B1A0C5A46004A4B41 /* Project object */ = {
			isa = PBXProject;
			attributes = {
				LastUpgradeCheck = 0610;
				ORGANIZATIONNAME = "Michael Grubb";
				TargetAttributes = {
					909FA0921A0C5A46004A4B41 = {
						CreatedOnToolsVersion = 6.1;
					};
					909FA0A51A0C5A46004A4B41 = {
						CreatedOnToolsVersion = 6.1;
						TestTargetID = 909FA0921A0C5A46004A4B41;
					};
				};
			};
			buildConfigurationList = 909FA08E1A0C5A46004A4B41 /* Build configuration list for PBXProject "UnixTime" */;
			compatibilityVersion = "Xcode 3.2";
			developmentRegion = English;
			hasScannedForEncodings = 0;
			knownRegions = (
				en,
				Base,
			);
			mainGroup = 909FA08A1A0C5A46004A4B41;
			productRefGroup = 909FA0941A0C5A46004A4B41 /* Products */;
			projectDirPath = "";
			projectRoot = "";
			targets = (
				909FA0921A0C5A46004A4B41 /* UnixTime */,
				909FA0A51A0C5A46004A4B41 /* UnixTimeTests */,
			);
		};
/* End PBXProject section */

/* Begin PBXResourcesBuildPhase section */
		909FA0911A0C5A46004A4B41 /* Resources */ = {
			isa = PBXResourcesBuildPhase;
			buildActionMask = 2147483647;
			files = (
				909FA09E1A0C5A46004A4B41 /* Images.xcassets in Resources */,
				909FA0A11A0C5A46004A4B41 /* MainMenu.xib in Resources */,
			);
			runOnlyForDeploymentPostprocessing = 0;
		};
		909FA0A41A0C5A46004A4B41 /* Resources */ = {
			isa = PBXResourcesBuildPhase;
			buildActionMask = 2147483647;
			files = (
			);
			runOnlyForDeploymentPostprocessing = 0;
		};
/* End PBXResourcesBuildPhase section */

/* Begin PBXSourcesBuildPhase section */
		909FA08F1A0C5A46004A4B41 /* Sources */ = {
			isa = PBXSourcesBuildPhase;
			buildActionMask = 2147483647;
			files = (
				909FA09C1A0C5A46004A4B41 /* main.m in Sources */,
				909FA09A1A0C5A46004A4B41 /* AppDelegate.m in Sources */,
			);
			runOnlyForDeploymentPostprocessing = 0;
		};
		909FA0A21A0C5A46004A4B41 /* Sources */ = {
			isa = PBXSourcesBuildPhase;
			buildActionMask = 2147483647;
			files = (
				909FA0AD1A0C5A46004A4B41 /* UnixTimeTests.m in Sources */,
			);
			runOnlyForDeploymentPostprocessing = 0;
		};
/* End PBXSourcesBuildPhase section */

/* Begin PBXTargetDependency section */
		909FA0A81A0C5A46004A4B41 /* PBXTargetDependency */ = {
			isa = PBXTargetDependency;
			target = 909FA0921A0C5A46004A4B41 /* UnixTime */;
			targetProxy = 909FA0A71A0C5A46004A4B41 /* PBXContainerItemProxy */;
		};
/* End PBXTargetDependency section */

/* Begin PBXVariantGroup section */
		909FA09F1A0C5A46004A4B41 /* MainMenu.xib */ = {
			isa = PBXVariantGroup;
			children = (
				909FA0A01A0C5A46004A4B41 /* Base */,
			);
			name = MainMenu.xib;
			sourceTree = "<group>";
		};
/* End PBXVariantGroup section */

/* Begin XCBuildConfiguration section */
		909FA0AE1A0C5A46004A4B41 /* Debug */ = {
			isa = XCBuildConfiguration;
			buildSettings = {
				ALWAYS_SEARCH_USER_PATHS = NO;
				CLANG_CXX_LANGUAGE_STANDARD = "gnu++0x";
				CLANG_CXX_LIBRARY = "libc++";
				CLANG_ENABLE_MODULES = YES;
				CLANG_ENABLE_OBJC_ARC = YES;
				CLANG_WARN_BOOL_CONVERSION = YES;
				CLANG_WARN_CONSTANT_CONVERSION = YES;
				CLANG_WARN_DIRECT_OBJC_ISA_USAGE = YES_ERROR;
				CLANG_WARN_EMPTY_BODY = YES;
				CLANG_WARN_ENUM_CONVERSION = YES;
				CLANG_WARN_INT_CONVERSION = YES;
				CLANG_WARN_OBJC_ROOT_CLASS = YES_ERROR;
				CLANG_WARN_UNREACHABLE_CODE = YES;
				CLANG_WARN__DUPLICATE_METHOD_MATCH = YES;
				CODE_SIGN_IDENTITY = "-";
				COPY_PHASE_STRIP = NO;
				ENABLE_STRICT_OBJC_MSGSEND = YES;
				GCC_C_LANGUAGE_STANDARD = gnu99;
				GCC_DYNAMIC_NO_PIC = NO;
				GCC_OPTIMIZATION_LEVEL = 0;
				GCC_PREPROCESSOR_DEFINITIONS = (
					"DEBUG=1",
					"$(inherited)",
				);
				GCC_SYMBOLS_PRIVATE_EXTERN = NO;
				GCC_WARN_64_TO_32_BIT_CONVERSION = YES;
				GCC_WARN_ABOUT_RETURN_TYPE = YES_ERROR;
				GCC_WARN_UNDECLARED_SELECTOR = YES;
				GCC_WARN_UNINITIALIZED_AUTOS = YES_AGGRESSIVE;
				GCC_WARN_UNUSED_FUNCTION = YES;
				GCC_WARN_UNUSED_VARIABLE = YES;
				MACOSX_DEPLOYMENT_TARGET = 10.10;
				MTL_ENABLE_DEBUG_INFO = YES;
				ONLY_ACTIVE_ARCH = YES;
				SDKROOT = macosx;
			};
			name = Debug;
		};
		909FA0AF1A0C5A46004A4B41 /* Release */ = {
			isa = XCBuildConfiguration;
			buildSettings = {
				ALWAYS_SEARCH_USER_PATHS = NO;
				CLANG_CXX_LANGUAGE_STANDARD = "gnu++0x";
				CLANG_CXX_LIBRARY = "libc++";
				CLANG_ENABLE_MODULES = YES;
				CLANG_ENABLE_OBJC_ARC = YES;
				CLANG_WARN_BOOL_CONVERSION = YES;
				CLANG_WARN_CONSTANT_CONVERSION = YES;
				CLANG_WARN_DIRECT_OBJC_ISA_USAGE = YES_ERROR;
				CLANG_WARN_EMPTY_BODY = YES;
				CLANG_WARN_ENUM_CONVERSION = YES;
				CLANG_WARN_INT_CONVERSION = YES;
				CLANG_WARN_OBJC_ROOT_CLASS = YES_ERROR;
				CLANG_WARN_UNREACHABLE_CODE = YES;
				CLANG_WARN__DUPLICATE_METHOD_MATCH = YES;
				CODE_SIGN_IDENTITY = "-";
				COPY_PHASE_STRIP = YES;
				DEBUG_INFORMATION_FORMAT = "dwarf-with-dsym";
				ENABLE_NS_ASSERTIONS = NO;
				ENABLE_STRICT_OBJC_MSGSEND = YES;
				GCC_C_LANGUAGE_STANDARD = gnu99;
				GCC_WARN_64_TO_32_BIT_CONVERSION = YES;
				GCC_WARN_ABOUT_RETURN_TYPE = YES_ERROR;
				GCC_WARN_UNDECLARED_SELECTOR = YES;
				GCC_WARN_UNINITIALIZED_AUTOS = YES_AGGRESSIVE;
				GCC_WARN_UNUSED_FUNCTION = YES;
				GCC_WARN_UNUSED_VARIABLE = YES;
				MACOSX_DEPLOYMENT_TARGET = 10.10;
				MTL_ENABLE_DEBUG_INFO = NO;
				SDKROOT = macosx;
			};
			name = Release;
		};
		909FA0B11A0C5A46004A4B41 /* Debug */ = {
			isa = XCBuildConfiguration;
			buildSettings = {
				ASSETCATALOG_COMPILER_APPICON_NAME = AppIcon;
				COMBINE_HIDPI_IMAGES = YES;
				INFOPLIST_FILE = UnixTime/Info.plist;
				LD_RUNPATH_SEARCH_PATHS = "$(inherited) @executable_path/../Frameworks";
				PRODUCT_NAME = "$(TARGET_NAME)";
			};
			name = Debug;
		};
		909FA0B21A0C5A46004A4B41 /* Release */ = {
			isa = XCBuildConfiguration;
			buildSettings = {
				ASSETCATALOG_COMPILER_APPICON_NAME = AppIcon;
				COMBINE_HIDPI_IMAGES = YES;
				INFOPLIST_FILE = UnixTime/Info.plist;
				LD_RUNPATH_SEARCH_PATHS = "$(inherited) @executable_path/../Frameworks";
				PRODUCT_NAME = "$(TARGET_NAME)";
			};
			name = Release;
		};
		909FA0B41A0C5A46004A4B41 /* Debug */ = {
			isa = XCBuildConfiguration;
			buildSettings = {
				BUNDLE_LOADER = "$(TEST_HOST)";
				COMBINE_HIDPI_IMAGES = YES;
				FRAMEWORK_SEARCH_PATHS = (
					"$(DEVELOPER_FRAMEWORKS_DIR)",
					"$(inherited)",
				);
				GCC_PREPROCESSOR_DEFINITIONS = (
					"DEBUG=1",
					"$(inherited)",
				);
				INFOPLIST_FILE = UnixTimeTests/Info.plist;
				LD_RUNPATH_SEARCH_PATHS = "$(inherited) @executable_path/../Frameworks @loader_path/../Frameworks";
				PRODUCT_NAME = "$(TARGET_NAME)";
				TEST_HOST = "$(BUILT_PRODUCTS_DIR)/UnixTime.app/Contents/MacOS/UnixTime";
			};
			name = Debug;
		};
		909FA0B51A0C5A46004A4B41 /* Release */ = {
			isa = XCBuildConfiguration;
			buildSettings = {
				BUNDLE_LOADER = "$(TEST_HOST)";
				COMBINE_HIDPI_IMAGES = YES;
				FRAMEWORK_SEARCH_PATHS = (
					"$(DEVELOPER_FRAMEWORKS_DIR)",
					"$(inherited)",
				);
				INFOPLIST_FILE = UnixTimeTests/Info.plist;
				LD_RUNPATH_SEARCH_PATHS = "$(inherited) @executable_path/../Frameworks @loader_path/../Frameworks";
				PRODUCT_NAME = "$(TARGET_NAME)";
				TEST_HOST = "$(BUILT_PRODUCTS_DIR)/UnixTime.app/Contents/MacOS/UnixTime";
			};
			name = Release;
		};
/* End XCBuildConfiguration section */

/* Begin XCConfigurationList section */
		909FA08E1A0C5A46004A4B41 /* Build configuration list for PBXProject "UnixTime" */ = {
			isa = XCConfigurationList;
			buildConfigurations = (
				909FA0AE1A0C5A46004A4B41 /* Debug */,
				909FA0AF1A0C5A46004A4B41 /* Release */,
			);
			defaultConfigurationIsVisible = 0;
			defaultConfigurationName = Release;
		};
		909FA0B01A0C5A46004A4B41 /* Build configuration list for PBXNativeTarget "UnixTime" */ = {
			isa = XCConfigurationList;
			buildConfigurations = (
				909FA0B11A0C5A46004A4B41 /* Debug */,
				909FA0B21A0C5A46004A4B41 /* Release */,
			);
			defaultConfigurationIsVisible = 0;
		};
		909FA0B31A0C5A46004A4B41 /* Build configuration list for PBXNativeTarget "UnixTimeTests" */ = {
			isa = XCConfigurationList;
			buildConfigurations = (
				909FA0B41A0C5A46004A4B41 /* Debug */,
				909FA0B51A0C5A46004A4B41 /* Release */,
			);
			defaultConfigurationIsVisible = 0;
		};
/* End XCConfigurationList section */
	};
	rootObject = 909FA08B1A0C5A46004A4B41 /* Project object */;
}
